
Microsoft Visual Studio Solution File, Format Version 12.00
# Visual Studio Version 16
VisualStudioVersion = 16.0.29728.190
MinimumVisualStudioVersion = 10.0.40219.1
Project("{FAE04EC0-301F-11D3-BF4B-00C04F79EFBC}") = "BTB.Server", "BTB\Server\BTB.Server.csproj", "{9B9DB3C8-5321-4CB7-B1F2-29E92F541658}"
EndProject
Project("{FAE04EC0-301F-11D3-BF4B-00C04F79EFBC}") = "BTB.Client", "BTB\Client\BTB.Client.csproj", "{C0BEFFE4-9A56-46CB-B166-E6F1E92EF2E7}"
EndProject
Project("{FAE04EC0-301F-11D3-BF4B-00C04F79EFBC}") = "BTB.Shared", "BTB\Shared\BTB.Shared.csproj", "{F0FBB964-DBD4-4BB6-AA0D-D3A98E7F0CAC}"
EndProject
Global
	GlobalSection(SolutionConfigurationPlatforms) = preSolution
		Debug|Any CPU = Debug|Any CPU
		Release|Any CPU = Release|Any CPU
	EndGlobalSection
	GlobalSection(ProjectConfigurationPlatforms) = postSolution
		{9B9DB3C8-5321-4CB7-B1F2-29E92F541658}.Debug|Any CPU.ActiveCfg = Debug|Any CPU
		{9B9DB3C8-5321-4CB7-B1F2-29E92F541658}.Debug|Any CPU.Build.0 = Debug|Any CPU
		{9B9DB3C8-5321-4CB7-B1F2-29E92F541658}.Release|Any CPU.ActiveCfg = Release|Any CPU
		{9B9DB3C8-5321-4CB7-B1F2-29E92F541658}.Release|Any CPU.Build.0 = Release|Any CPU
		{C0BEFFE4-9A56-46CB-B166-E6F1E92EF2E7}.Debug|Any CPU.ActiveCfg = Debug|Any CPU
		{C0BEFFE4-9A56-46CB-B166-E6F1E92EF2E7}.Debug|Any CPU.Build.0 = Debug|Any CPU
		{C0BEFFE4-9A56-46CB-B166-E6F1E92EF2E7}.Release|Any CPU.ActiveCfg = Release|Any CPU
		{C0BEFFE4-9A56-46CB-B166-E6F1E92EF2E7}.Release|Any CPU.Build.0 = Release|Any CPU
		{F0FBB964-DBD4-4BB6-AA0D-D3A98E7F0CAC}.Debug|Any CPU.ActiveCfg = Debug|Any CPU
		{F0FBB964-DBD4-4BB6-AA0D-D3A98E7F0CAC}.Debug|Any CPU.Build.0 = Debug|Any CPU
		{F0FBB964-DBD4-4BB6-AA0D-D3A98E7F0CAC}.Release|Any CPU.ActiveCfg = Release|Any CPU
		{F0FBB964-DBD4-4BB6-AA0D-D3A98E7F0CAC}.Release|Any CPU.Build.0 = Release|Any CPU
	EndGlobalSection
	GlobalSection(SolutionProperties) = preSolution
		HideSolutionNode = FALSE
	EndGlobalSection
	GlobalSection(ExtensibilityGlobals) = postSolution
		SolutionGuid = {A167779A-B1DB-4FC5-8975-B3FC5F54D970}
	EndGlobalSection
EndGlobal
