
Microsoft Visual Studio Solution File, Format Version 12.00
# Visual Studio Version 16
VisualStudioVersion = 16.0.29728.190
MinimumVisualStudioVersion = 10.0.40219.1
Project("{2150E333-8FDC-42A3-9474-1A3956D46DE8}") = "Src", "Src", "{E05F6489-231A-4F9D-BEE5-13A845E1603A}"
EndProject
Project("{9A19103F-16F7-4668-BE54-9A1E7A4F7556}") = "Application", "Src\Application\Application.csproj", "{837E6B75-39E2-4443-8451-97C528E86F9D}"
EndProject
Project("{2150E333-8FDC-42A3-9474-1A3956D46DE8}") = "Core", "Core", "{54438F3B-92F1-4AF8-862E-CCD4C9814A05}"
EndProject
Project("{9A19103F-16F7-4668-BE54-9A1E7A4F7556}") = "Common", "Src\Common\Common.csproj", "{7F65F1F8-C9FC-4FD9-A398-E3F278E4FB4F}"
EndProject
Project("{9A19103F-16F7-4668-BE54-9A1E7A4F7556}") = "Domain", "Src\Domain\Domain.csproj", "{19EEA81C-E15E-4111-B5EC-4297FEBBFC5D}"
EndProject
Project("{2150E333-8FDC-42A3-9474-1A3956D46DE8}") = "Infrastructure", "Infrastructure", "{C51FDC2B-2D92-4A39-BAEB-A4F20B3FCDD6}"
EndProject
Project("{9A19103F-16F7-4668-BE54-9A1E7A4F7556}") = "Infrastructure", "Src\Infrastructure\Infrastructure.csproj", "{70AE5651-D683-4D21-8E0A-B7C71C0485B9}"
EndProject
Project("{9A19103F-16F7-4668-BE54-9A1E7A4F7556}") = "Persistence", "Src\Persistence\Persistence.csproj", "{940B5DE1-CC11-4D74-9BAB-2CD133306E90}"
EndProject
Project("{2150E333-8FDC-42A3-9474-1A3956D46DE8}") = "Presentation", "Presentation", "{AB57B13A-C999-4E53-B9E3-FDD9CB5F3A6B}"
EndProject
Project("{9A19103F-16F7-4668-BE54-9A1E7A4F7556}") = "Client", "Src\Client\Client.csproj", "{DAD8F1BF-DA76-439A-94EB-19ECA7BDA74E}"
EndProject
Project("{9A19103F-16F7-4668-BE54-9A1E7A4F7556}") = "Server", "Src\Server\Server.csproj", "{79500F9B-25BC-4124-B556-29B81CDA8D5F}"
EndProject
Project("{2150E333-8FDC-42A3-9474-1A3956D46DE8}") = "Tests", "Tests", "{B8C050E7-5042-4B2D-AEEA-5704ADCC6977}"
EndProject
Project("{9A19103F-16F7-4668-BE54-9A1E7A4F7556}") = "Application.UnitTests", "Tests\Application.UnitTests\Application.UnitTests.csproj", "{5EE0C0CA-9E8D-459A-9EB2-1C71E86C0502}"
EndProject
Project("{9A19103F-16F7-4668-BE54-9A1E7A4F7556}") = "Domain.UnitTests", "Tests\Domain.UnitTests\Domain.UnitTests.csproj", "{B117AAF0-BED5-40A1-86A8-FE71A56B9C22}"
EndProject
Project("{E53339B2-1760-4266-BCC7-CA923CBCF16C}") = "docker-compose", "docker-compose.dcproj", "{DB12EA10-3D49-4BB2-8709-C4133F3D1EC6}"
EndProject
Global
	GlobalSection(SolutionConfigurationPlatforms) = preSolution
		Debug|Any CPU = Debug|Any CPU
		Release|Any CPU = Release|Any CPU
	EndGlobalSection
	GlobalSection(ProjectConfigurationPlatforms) = postSolution
		{837E6B75-39E2-4443-8451-97C528E86F9D}.Debug|Any CPU.ActiveCfg = Debug|Any CPU
		{837E6B75-39E2-4443-8451-97C528E86F9D}.Debug|Any CPU.Build.0 = Debug|Any CPU
		{837E6B75-39E2-4443-8451-97C528E86F9D}.Release|Any CPU.ActiveCfg = Release|Any CPU
		{837E6B75-39E2-4443-8451-97C528E86F9D}.Release|Any CPU.Build.0 = Release|Any CPU
		{7F65F1F8-C9FC-4FD9-A398-E3F278E4FB4F}.Debug|Any CPU.ActiveCfg = Debug|Any CPU
		{7F65F1F8-C9FC-4FD9-A398-E3F278E4FB4F}.Debug|Any CPU.Build.0 = Debug|Any CPU
		{7F65F1F8-C9FC-4FD9-A398-E3F278E4FB4F}.Release|Any CPU.ActiveCfg = Release|Any CPU
		{7F65F1F8-C9FC-4FD9-A398-E3F278E4FB4F}.Release|Any CPU.Build.0 = Release|Any CPU
		{19EEA81C-E15E-4111-B5EC-4297FEBBFC5D}.Debug|Any CPU.ActiveCfg = Debug|Any CPU
		{19EEA81C-E15E-4111-B5EC-4297FEBBFC5D}.Debug|Any CPU.Build.0 = Debug|Any CPU
		{19EEA81C-E15E-4111-B5EC-4297FEBBFC5D}.Release|Any CPU.ActiveCfg = Release|Any CPU
		{19EEA81C-E15E-4111-B5EC-4297FEBBFC5D}.Release|Any CPU.Build.0 = Release|Any CPU
		{70AE5651-D683-4D21-8E0A-B7C71C0485B9}.Debug|Any CPU.ActiveCfg = Debug|Any CPU
		{70AE5651-D683-4D21-8E0A-B7C71C0485B9}.Debug|Any CPU.Build.0 = Debug|Any CPU
		{70AE5651-D683-4D21-8E0A-B7C71C0485B9}.Release|Any CPU.ActiveCfg = Release|Any CPU
		{70AE5651-D683-4D21-8E0A-B7C71C0485B9}.Release|Any CPU.Build.0 = Release|Any CPU
		{940B5DE1-CC11-4D74-9BAB-2CD133306E90}.Debug|Any CPU.ActiveCfg = Debug|Any CPU
		{940B5DE1-CC11-4D74-9BAB-2CD133306E90}.Debug|Any CPU.Build.0 = Debug|Any CPU
		{940B5DE1-CC11-4D74-9BAB-2CD133306E90}.Release|Any CPU.ActiveCfg = Release|Any CPU
		{940B5DE1-CC11-4D74-9BAB-2CD133306E90}.Release|Any CPU.Build.0 = Release|Any CPU
		{DAD8F1BF-DA76-439A-94EB-19ECA7BDA74E}.Debug|Any CPU.ActiveCfg = Debug|Any CPU
		{DAD8F1BF-DA76-439A-94EB-19ECA7BDA74E}.Debug|Any CPU.Build.0 = Debug|Any CPU
		{DAD8F1BF-DA76-439A-94EB-19ECA7BDA74E}.Release|Any CPU.ActiveCfg = Release|Any CPU
		{DAD8F1BF-DA76-439A-94EB-19ECA7BDA74E}.Release|Any CPU.Build.0 = Release|Any CPU
		{79500F9B-25BC-4124-B556-29B81CDA8D5F}.Debug|Any CPU.ActiveCfg = Debug|Any CPU
		{79500F9B-25BC-4124-B556-29B81CDA8D5F}.Debug|Any CPU.Build.0 = Debug|Any CPU
		{79500F9B-25BC-4124-B556-29B81CDA8D5F}.Release|Any CPU.ActiveCfg = Release|Any CPU
		{79500F9B-25BC-4124-B556-29B81CDA8D5F}.Release|Any CPU.Build.0 = Release|Any CPU
		{5EE0C0CA-9E8D-459A-9EB2-1C71E86C0502}.Debug|Any CPU.ActiveCfg = Debug|Any CPU
		{5EE0C0CA-9E8D-459A-9EB2-1C71E86C0502}.Debug|Any CPU.Build.0 = Debug|Any CPU
		{5EE0C0CA-9E8D-459A-9EB2-1C71E86C0502}.Release|Any CPU.ActiveCfg = Release|Any CPU
		{5EE0C0CA-9E8D-459A-9EB2-1C71E86C0502}.Release|Any CPU.Build.0 = Release|Any CPU
		{B117AAF0-BED5-40A1-86A8-FE71A56B9C22}.Debug|Any CPU.ActiveCfg = Debug|Any CPU
		{B117AAF0-BED5-40A1-86A8-FE71A56B9C22}.Debug|Any CPU.Build.0 = Debug|Any CPU
		{B117AAF0-BED5-40A1-86A8-FE71A56B9C22}.Release|Any CPU.ActiveCfg = Release|Any CPU
		{B117AAF0-BED5-40A1-86A8-FE71A56B9C22}.Release|Any CPU.Build.0 = Release|Any CPU
		{DB12EA10-3D49-4BB2-8709-C4133F3D1EC6}.Debug|Any CPU.ActiveCfg = Debug|Any CPU
		{DB12EA10-3D49-4BB2-8709-C4133F3D1EC6}.Debug|Any CPU.Build.0 = Debug|Any CPU
		{DB12EA10-3D49-4BB2-8709-C4133F3D1EC6}.Release|Any CPU.ActiveCfg = Release|Any CPU
		{DB12EA10-3D49-4BB2-8709-C4133F3D1EC6}.Release|Any CPU.Build.0 = Release|Any CPU
	EndGlobalSection
	GlobalSection(SolutionProperties) = preSolution
		HideSolutionNode = FALSE
	EndGlobalSection
	GlobalSection(NestedProjects) = preSolution
		{837E6B75-39E2-4443-8451-97C528E86F9D} = {54438F3B-92F1-4AF8-862E-CCD4C9814A05}
		{54438F3B-92F1-4AF8-862E-CCD4C9814A05} = {E05F6489-231A-4F9D-BEE5-13A845E1603A}
		{7F65F1F8-C9FC-4FD9-A398-E3F278E4FB4F} = {54438F3B-92F1-4AF8-862E-CCD4C9814A05}
		{19EEA81C-E15E-4111-B5EC-4297FEBBFC5D} = {54438F3B-92F1-4AF8-862E-CCD4C9814A05}
		{C51FDC2B-2D92-4A39-BAEB-A4F20B3FCDD6} = {E05F6489-231A-4F9D-BEE5-13A845E1603A}
		{70AE5651-D683-4D21-8E0A-B7C71C0485B9} = {C51FDC2B-2D92-4A39-BAEB-A4F20B3FCDD6}
		{940B5DE1-CC11-4D74-9BAB-2CD133306E90} = {C51FDC2B-2D92-4A39-BAEB-A4F20B3FCDD6}
		{AB57B13A-C999-4E53-B9E3-FDD9CB5F3A6B} = {E05F6489-231A-4F9D-BEE5-13A845E1603A}
		{DAD8F1BF-DA76-439A-94EB-19ECA7BDA74E} = {AB57B13A-C999-4E53-B9E3-FDD9CB5F3A6B}
		{79500F9B-25BC-4124-B556-29B81CDA8D5F} = {AB57B13A-C999-4E53-B9E3-FDD9CB5F3A6B}
		{5EE0C0CA-9E8D-459A-9EB2-1C71E86C0502} = {B8C050E7-5042-4B2D-AEEA-5704ADCC6977}
		{B117AAF0-BED5-40A1-86A8-FE71A56B9C22} = {B8C050E7-5042-4B2D-AEEA-5704ADCC6977}
	EndGlobalSection
	GlobalSection(ExtensibilityGlobals) = postSolution
		SolutionGuid = {A167779A-B1DB-4FC5-8975-B3FC5F54D970}
	EndGlobalSection
EndGlobal
